Microsoft Visual Studio Solution File, Format Version 12.00
# Visual Studio Version 17
VisualStudioVersion = 17.5.2.0
MinimumVisualStudioVersion = 10.0.40219.1
Project("{FAE04EC0-301F-11D3-BF4B-00C04F79EFBC}") = "MQTTreceiver", "MQTTreceiver\MQTTreceiver.csproj", "{8E36B0B5-4616-40B7-1E88-C49B8B42D334}"
EndProject
Global
	GlobalSection(SolutionConfigurationPlatforms) = preSolution
		Debug|Any CPU = Debug|Any CPU
		Release|Any CPU = Release|Any CPU
	EndGlobalSection
	GlobalSection(ProjectConfigurationPlatforms) = postSolution
		{8E36B0B5-4616-40B7-1E88-C49B8B42D334}.Debug|Any CPU.ActiveCfg = Debug|Any CPU
		{8E36B0B5-4616-40B7-1E88-C49B8B42D334}.Debug|Any CPU.Build.0 = Debug|Any CPU
		{8E36B0B5-4616-40B7-1E88-C49B8B42D334}.Release|Any CPU.ActiveCfg = Release|Any CPU
		{8E36B0B5-4616-40B7-1E88-C49B8B42D334}.Release|Any CPU.Build.0 = Release|Any CPU
	EndGlobalSection
	GlobalSection(SolutionProperties) = preSolution
		HideSolutionNode = FALSE
	EndGlobalSection
	GlobalSection(ExtensibilityGlobals) = postSolution
		SolutionGuid = {27D43807-C57F-417B-B3F1-81DC53D963B6}
	EndGlobalSection
EndGlobal
